
Microsoft Visual Studio Solution File, Format Version 12.00
# Visual Studio Version 16
VisualStudioVersion = 16.0.33920.266
MinimumVisualStudioVersion = 10.0.40219.1
Project("{FAE04EC0-301F-11D3-BF4B-00C04F79EFBC}") = "methods", "methods\methods.csproj", "{104E00AB-7848-4D67-97E3-DE90DAC18E06}"
EndProject
Project("{FAE04EC0-301F-11D3-BF4B-00C04F79EFBC}") = "Matematik", "Matematik\Matematik.csproj", "{5022CBCC-ACB4-422A-BEF2-14E5627492E8}"
EndProject
Project("{FAE04EC0-301F-11D3-BF4B-00C04F79EFBC}") = "DegerveReferansTipler", "DegerveReferansTipler\DegerveReferansTipler.csproj", "{5BB1AA1B-D604-4C01-9155-F60B384D2DEC}"
EndProject
Global
	GlobalSection(SolutionConfigurationPlatforms) = preSolution
		Debug|Any CPU = Debug|Any CPU
		Release|Any CPU = Release|Any CPU
	EndGlobalSection
	GlobalSection(ProjectConfigurationPlatforms) = postSolution
		{104E00AB-7848-4D67-97E3-DE90DAC18E06}.Debug|Any CPU.ActiveCfg = Debug|Any CPU
		{104E00AB-7848-4D67-97E3-DE90DAC18E06}.Debug|Any CPU.Build.0 = Debug|Any CPU
		{104E00AB-7848-4D67-97E3-DE90DAC18E06}.Release|Any CPU.ActiveCfg = Release|Any CPU
		{104E00AB-7848-4D67-97E3-DE90DAC18E06}.Release|Any CPU.Build.0 = Release|Any CPU
		{5022CBCC-ACB4-422A-BEF2-14E5627492E8}.Debug|Any CPU.ActiveCfg = Debug|Any CPU
		{5022CBCC-ACB4-422A-BEF2-14E5627492E8}.Debug|Any CPU.Build.0 = Debug|Any CPU
		{5022CBCC-ACB4-422A-BEF2-14E5627492E8}.Release|Any CPU.ActiveCfg = Release|Any CPU
		{5022CBCC-ACB4-422A-BEF2-14E5627492E8}.Release|Any CPU.Build.0 = Release|Any CPU
		{5BB1AA1B-D604-4C01-9155-F60B384D2DEC}.Debug|Any CPU.ActiveCfg = Debug|Any CPU
		{5BB1AA1B-D604-4C01-9155-F60B384D2DEC}.Debug|Any CPU.Build.0 = Debug|Any CPU
		{5BB1AA1B-D604-4C01-9155-F60B384D2DEC}.Release|Any CPU.ActiveCfg = Release|Any CPU
		{5BB1AA1B-D604-4C01-9155-F60B384D2DEC}.Release|Any CPU.Build.0 = Release|Any CPU
	EndGlobalSection
	GlobalSection(SolutionProperties) = preSolution
		HideSolutionNode = FALSE
	EndGlobalSection
	GlobalSection(ExtensibilityGlobals) = postSolution
		SolutionGuid = {8739D0D1-71B7-465E-BAD6-AEB4CF692378}
	EndGlobalSection
EndGlobal
